
Microsoft Visual Studio Solution File, Format Version 12.00
# Visual Studio 15
VisualStudioVersion = 15.0.28307.136
MinimumVisualStudioVersion = 10.0.40219.1
Project("{888888A0-9F3D-457C-B088-3A5042F75D52}") = "insert_and_pop", "insert_and_pop\insert_and_pop.pyproj", "{A59B6E05-0C95-4040-96DE-64791C470CBC}"
EndProject
Global
	GlobalSection(SolutionConfigurationPlatforms) = preSolution
		Debug|Any CPU = Debug|Any CPU
		Release|Any CPU = Release|Any CPU
	EndGlobalSection
	GlobalSection(ProjectConfigurationPlatforms) = postSolution
		{A59B6E05-0C95-4040-96DE-64791C470CBC}.Debug|Any CPU.ActiveCfg = Debug|Any CPU
		{A59B6E05-0C95-4040-96DE-64791C470CBC}.Release|Any CPU.ActiveCfg = Release|Any CPU
	EndGlobalSection
	GlobalSection(SolutionProperties) = preSolution
		HideSolutionNode = FALSE
	EndGlobalSection
	GlobalSection(ExtensibilityGlobals) = postSolution
		SolutionGuid = {7D3ECDD4-02F3-47E6-A99D-D6A947CFC81E}
	EndGlobalSection
EndGlobal
