
Microsoft Visual Studio Solution File, Format Version 12.00
# Visual Studio 15
VisualStudioVersion = 15.0.28307.136
MinimumVisualStudioVersion = 10.0.40219.1
Project("{888888A0-9F3D-457C-B088-3A5042F75D52}") = "the_weather_program", "the_weather_program\the_weather_program.pyproj", "{1B894753-3D5E-4A18-8AE2-1FFE6A1BAB00}"
EndProject
Global
	GlobalSection(SolutionConfigurationPlatforms) = preSolution
		Debug|Any CPU = Debug|Any CPU
		Release|Any CPU = Release|Any CPU
	EndGlobalSection
	GlobalSection(ProjectConfigurationPlatforms) = postSolution
		{1B894753-3D5E-4A18-8AE2-1FFE6A1BAB00}.Debug|Any CPU.ActiveCfg = Debug|Any CPU
		{1B894753-3D5E-4A18-8AE2-1FFE6A1BAB00}.Release|Any CPU.ActiveCfg = Release|Any CPU
	EndGlobalSection
	GlobalSection(SolutionProperties) = preSolution
		HideSolutionNode = FALSE
	EndGlobalSection
	GlobalSection(ExtensibilityGlobals) = postSolution
		SolutionGuid = {474C9B59-FA03-41BF-A24D-880364205F39}
	EndGlobalSection
EndGlobal
