
Microsoft Visual Studio Solution File, Format Version 12.00
# Visual Studio 15
VisualStudioVersion = 15.0.28307.136
MinimumVisualStudioVersion = 10.0.40219.1
Project("{888888A0-9F3D-457C-B088-3A5042F75D52}") = "list_features", "list_features\list_features.pyproj", "{ADE67BEE-BABB-4114-87CE-B60A2BC49FD4}"
EndProject
Global
	GlobalSection(SolutionConfigurationPlatforms) = preSolution
		Debug|Any CPU = Debug|Any CPU
		Release|Any CPU = Release|Any CPU
	EndGlobalSection
	GlobalSection(ProjectConfigurationPlatforms) = postSolution
		{ADE67BEE-BABB-4114-87CE-B60A2BC49FD4}.Debug|Any CPU.ActiveCfg = Debug|Any CPU
		{ADE67BEE-BABB-4114-87CE-B60A2BC49FD4}.Release|Any CPU.ActiveCfg = Release|Any CPU
	EndGlobalSection
	GlobalSection(SolutionProperties) = preSolution
		HideSolutionNode = FALSE
	EndGlobalSection
	GlobalSection(ExtensibilityGlobals) = postSolution
		SolutionGuid = {E307A84B-597F-4FF0-9651-D28E0E803697}
	EndGlobalSection
EndGlobal
