
Microsoft Visual Studio Solution File, Format Version 12.00
# Visual Studio 15
VisualStudioVersion = 15.0.28307.136
MinimumVisualStudioVersion = 10.0.40219.1
Project("{888888A0-9F3D-457C-B088-3A5042F75D52}") = "Random_pi_guessing", "Random_pi_guessing\Random_pi_guessing.pyproj", "{3AEAEDD1-7311-426B-890A-2DA41FC1DC70}"
EndProject
Global
	GlobalSection(SolutionConfigurationPlatforms) = preSolution
		Debug|Any CPU = Debug|Any CPU
		Release|Any CPU = Release|Any CPU
	EndGlobalSection
	GlobalSection(ProjectConfigurationPlatforms) = postSolution
		{3AEAEDD1-7311-426B-890A-2DA41FC1DC70}.Debug|Any CPU.ActiveCfg = Debug|Any CPU
		{3AEAEDD1-7311-426B-890A-2DA41FC1DC70}.Release|Any CPU.ActiveCfg = Release|Any CPU
	EndGlobalSection
	GlobalSection(SolutionProperties) = preSolution
		HideSolutionNode = FALSE
	EndGlobalSection
	GlobalSection(ExtensibilityGlobals) = postSolution
		SolutionGuid = {BB6B2C4F-0981-45BF-9F16-397551FBAB46}
	EndGlobalSection
EndGlobal
