
Microsoft Visual Studio Solution File, Format Version 12.00
# Visual Studio 15
VisualStudioVersion = 15.0.28307.136
MinimumVisualStudioVersion = 10.0.40219.1
Project("{888888A0-9F3D-457C-B088-3A5042F75D52}") = "die_roller", "die_roller\die_roller.pyproj", "{B5527212-C6B4-479E-A7E1-74BA0979C769}"
EndProject
Global
	GlobalSection(SolutionConfigurationPlatforms) = preSolution
		Debug|Any CPU = Debug|Any CPU
		Release|Any CPU = Release|Any CPU
	EndGlobalSection
	GlobalSection(ProjectConfigurationPlatforms) = postSolution
		{B5527212-C6B4-479E-A7E1-74BA0979C769}.Debug|Any CPU.ActiveCfg = Debug|Any CPU
		{B5527212-C6B4-479E-A7E1-74BA0979C769}.Release|Any CPU.ActiveCfg = Release|Any CPU
	EndGlobalSection
	GlobalSection(SolutionProperties) = preSolution
		HideSolutionNode = FALSE
	EndGlobalSection
	GlobalSection(ExtensibilityGlobals) = postSolution
		SolutionGuid = {0E5C475A-DAE5-486E-BFC3-BFA20887AFE7}
	EndGlobalSection
EndGlobal
