
Microsoft Visual Studio Solution File, Format Version 12.00
# Visual Studio 15
VisualStudioVersion = 15.0.28307.136
MinimumVisualStudioVersion = 10.0.40219.1
Project("{888888A0-9F3D-457C-B088-3A5042F75D52}") = "binary_to_integer", "binary_to_integer\binary_to_integer.pyproj", "{EA25A11E-FB42-4311-AE2F-5D292ADE31D6}"
EndProject
Global
	GlobalSection(SolutionConfigurationPlatforms) = preSolution
		Debug|Any CPU = Debug|Any CPU
		Release|Any CPU = Release|Any CPU
	EndGlobalSection
	GlobalSection(ProjectConfigurationPlatforms) = postSolution
		{EA25A11E-FB42-4311-AE2F-5D292ADE31D6}.Debug|Any CPU.ActiveCfg = Debug|Any CPU
		{EA25A11E-FB42-4311-AE2F-5D292ADE31D6}.Release|Any CPU.ActiveCfg = Release|Any CPU
	EndGlobalSection
	GlobalSection(SolutionProperties) = preSolution
		HideSolutionNode = FALSE
	EndGlobalSection
	GlobalSection(ExtensibilityGlobals) = postSolution
		SolutionGuid = {DBBEB908-AAB4-40B9-8F51-AE7D679B3FCA}
	EndGlobalSection
EndGlobal
